
Microsoft Visual Studio Solution File, Format Version 12.00
# Visual Studio Version 17
VisualStudioVersion = 17.9.34622.214
MinimumVisualStudioVersion = 10.0.40219.1
Project("{FAE04EC0-301F-11D3-BF4B-00C04F79EFBC}") = "MiniQsrApp", "MiniQsrApp\MiniQsrApp.csproj", "{5014F7E8-3803-4A6E-A6AF-4EF3292E90A1}"
EndProject
Global
	GlobalSection(SolutionConfigurationPlatforms) = preSolution
		Debug|Any CPU = Debug|Any CPU
		Release|Any CPU = Release|Any CPU
	EndGlobalSection
	GlobalSection(ProjectConfigurationPlatforms) = postSolution
		{5014F7E8-3803-4A6E-A6AF-4EF3292E90A1}.Debug|Any CPU.ActiveCfg = Debug|Any CPU
		{5014F7E8-3803-4A6E-A6AF-4EF3292E90A1}.Debug|Any CPU.Build.0 = Debug|Any CPU
		{5014F7E8-3803-4A6E-A6AF-4EF3292E90A1}.Release|Any CPU.ActiveCfg = Release|Any CPU
		{5014F7E8-3803-4A6E-A6AF-4EF3292E90A1}.Release|Any CPU.Build.0 = Release|Any CPU
	EndGlobalSection
	GlobalSection(SolutionProperties) = preSolution
		HideSolutionNode = FALSE
	EndGlobalSection
	GlobalSection(ExtensibilityGlobals) = postSolution
		SolutionGuid = {10121DA2-9C2B-46CA-BAB1-6C6F0DBC1732}
	EndGlobalSection
EndGlobal
